
Microsoft Visual Studio Solution File, Format Version 12.00
# Visual Studio Version 16
VisualStudioVersion = 16.0.29025.244
MinimumVisualStudioVersion = 10.0.40219.1
Project("{9A19103F-16F7-4668-BE54-9A1E7A4F7556}") = "PokeFarm", "PokeFarm.csproj", "{A13A6CB2-B598-4EE1-9B4F-89ADF19807D2}"
EndProject
Global
	GlobalSection(SolutionConfigurationPlatforms) = preSolution
		Debug|Any CPU = Debug|Any CPU
		Release|Any CPU = Release|Any CPU
	EndGlobalSection
	GlobalSection(ProjectConfigurationPlatforms) = postSolution
		{A13A6CB2-B598-4EE1-9B4F-89ADF19807D2}.Debug|Any CPU.ActiveCfg = Debug|Any CPU
		{A13A6CB2-B598-4EE1-9B4F-89ADF19807D2}.Debug|Any CPU.Build.0 = Debug|Any CPU
		{A13A6CB2-B598-4EE1-9B4F-89ADF19807D2}.Release|Any CPU.ActiveCfg = Release|Any CPU
		{A13A6CB2-B598-4EE1-9B4F-89ADF19807D2}.Release|Any CPU.Build.0 = Release|Any CPU
	EndGlobalSection
	GlobalSection(SolutionProperties) = preSolution
		HideSolutionNode = FALSE
	EndGlobalSection
	GlobalSection(ExtensibilityGlobals) = postSolution
		SolutionGuid = {E5D63094-3E77-45A1-B4D4-B38F701B32DC}
	EndGlobalSection
EndGlobal
